
Microsoft Visual Studio Solution File, Format Version 12.00
# Visual Studio Version 17
VisualStudioVersion = 17.8.34330.188
MinimumVisualStudioVersion = 10.0.40219.1
Project("{FAE04EC0-301F-11D3-BF4B-00C04F79EFBC}") = "GraphApiSample", "GraphApiSample\GraphApiSample.csproj", "{1764282A-9DAB-4AD1-B8D7-7377775C7113}"
EndProject
Global
	GlobalSection(SolutionConfigurationPlatforms) = preSolution
		Debug|Any CPU = Debug|Any CPU
		Release|Any CPU = Release|Any CPU
	EndGlobalSection
	GlobalSection(ProjectConfigurationPlatforms) = postSolution
		{1764282A-9DAB-4AD1-B8D7-7377775C7113}.Debug|Any CPU.ActiveCfg = Debug|Any CPU
		{1764282A-9DAB-4AD1-B8D7-7377775C7113}.Debug|Any CPU.Build.0 = Debug|Any CPU
		{1764282A-9DAB-4AD1-B8D7-7377775C7113}.Release|Any CPU.ActiveCfg = Release|Any CPU
		{1764282A-9DAB-4AD1-B8D7-7377775C7113}.Release|Any CPU.Build.0 = Release|Any CPU
	EndGlobalSection
	GlobalSection(SolutionProperties) = preSolution
		HideSolutionNode = FALSE
	EndGlobalSection
	GlobalSection(ExtensibilityGlobals) = postSolution
		SolutionGuid = {32C40AD7-E20A-4FA7-9BB0-BAD093B58FDD}
	EndGlobalSection
EndGlobal
